// !$*UTF8*$!
{
	archiveVersion = 1;
	classes = {
	};
	objectVersion = 77;
	objects = {

/* Begin PBXBuildFile section */
		D85E3E1E2DE8F0B800F83575 /* AppCoordinator.swift in Sources */ = {isa = PBXBuildFile; fileRef = D85E3E0A2DE8F0B800F83575 /* AppCoordinator.swift */; };
		D85E3E1F2DE8F0B800F83575 /* Coordinator.swift in Sources */ = {isa = PBXBuildFile; fileRef = D85E3E0B2DE8F0B800F83575 /* Coordinator.swift */; };
		D85E3E202DE8F0B800F83575 /* LoginCoordinator.swift in Sources */ = {isa = PBXBuildFile; fileRef = D85E3E0C2DE8F0B800F83575 /* LoginCoordinator.swift */; };
		D85E3E212DE8F0B800F83575 /* LoginViewController.swift in Sources */ = {isa = PBXBuildFile; fileRef = D85E3E0E2DE8F0B800F83575 /* LoginViewController.swift */; };
		D85E3E222DE8F0B800F83575 /* LoginViewModel.swift in Sources */ = {isa = PBXBuildFile; fileRef = D85E3E102DE8F0B800F83575 /* LoginViewModel.swift */; };
		D85E3E232DE8F0B800F83575 /* AppDelegate.swift in Sources */ = {isa = PBXBuildFile; fileRef = D85E3E142DE8F0B800F83575 /* AppDelegate.swift */; };
		D85E3E242DE8F0B800F83575 /* SceneDelegate.swift in Sources */ = {isa = PBXBuildFile; fileRef = D85E3E1B2DE8F0B800F83575 /* SceneDelegate.swift */; };
		D85E3E262DE8F0B800F83575 /* LoginViewController.xib in Resources */ = {isa = PBXBuildFile; fileRef = D85E3E0F2DE8F0B800F83575 /* LoginViewController.xib */; };
		D85E3E272DE8F0B800F83575 /* Assets.xcassets in Resources */ = {isa = PBXBuildFile; fileRef = D85E3E152DE8F0B800F83575 /* Assets.xcassets */; };
		D85E3E292DE8F0B800F83575 /* LaunchScreen.storyboard in Resources */ = {isa = PBXBuildFile; fileRef = D85E3E182DE8F0B800F83575 /* LaunchScreen.storyboard */; };
		D85E3E2C2DE9032600F83575 /* TabBarCoordinator.swift in Sources */ = {isa = PBXBuildFile; fileRef = D85E3E2B2DE9032600F83575 /* TabBarCoordinator.swift */; };
		D85E3E302DE9093E00F83575 /* Main.storyboard in Resources */ = {isa = PBXBuildFile; fileRef = D85E3E2F2DE9093E00F83575 /* Main.storyboard */; };
		D85E3E322DE90AA300F83575 /* RegistrationViewController.swift in Sources */ = {isa = PBXBuildFile; fileRef = D85E3E312DE90AA300F83575 /* RegistrationViewController.swift */; };
		D85E3E342DE90AAF00F83575 /* RegistrationViewController.xib in Resources */ = {isa = PBXBuildFile; fileRef = D85E3E332DE90AAF00F83575 /* RegistrationViewController.xib */; };
		D85E3E382DE90B8200F83575 /* RegistrationViewModel.swift in Sources */ = {isa = PBXBuildFile; fileRef = D85E3E372DE90B8200F83575 /* RegistrationViewModel.swift */; };
/* End PBXBuildFile section */

/* Begin PBXFileReference section */
		D85E3DA62DE7833E00F83575 /* MPRestaurantReviewApp.app */ = {isa = PBXFileReference; explicitFileType = wrapper.application; includeInIndex = 0; path = MPRestaurantReviewApp.app; sourceTree = BUILT_PRODUCTS_DIR; };
		D85E3E0A2DE8F0B800F83575 /* AppCoordinator.swift */ = {isa = PBXFileReference; lastKnownFileType = sourcecode.swift; path = AppCoordinator.swift; sourceTree = "<group>"; };
		D85E3E0B2DE8F0B800F83575 /* Coordinator.swift */ = {isa = PBXFileReference; lastKnownFileType = sourcecode.swift; path = Coordinator.swift; sourceTree = "<group>"; };
		D85E3E0C2DE8F0B800F83575 /* LoginCoordinator.swift */ = {isa = PBXFileReference; lastKnownFileType = sourcecode.swift; path = LoginCoordinator.swift; sourceTree = "<group>"; };
		D85E3E0E2DE8F0B800F83575 /* LoginViewController.swift */ = {isa = PBXFileReference; lastKnownFileType = sourcecode.swift; path = LoginViewController.swift; sourceTree = "<group>"; };
		D85E3E0F2DE8F0B800F83575 /* LoginViewController.xib */ = {isa = PBXFileReference; lastKnownFileType = file.xib; path = LoginViewController.xib; sourceTree = "<group>"; };
		D85E3E102DE8F0B800F83575 /* LoginViewModel.swift */ = {isa = PBXFileReference; lastKnownFileType = sourcecode.swift; path = LoginViewModel.swift; sourceTree = "<group>"; };
		D85E3E142DE8F0B800F83575 /* AppDelegate.swift */ = {isa = PBXFileReference; lastKnownFileType = sourcecode.swift; path = AppDelegate.swift; sourceTree = "<group>"; };
		D85E3E152DE8F0B800F83575 /* Assets.xcassets */ = {isa = PBXFileReference; lastKnownFileType = folder.assetcatalog; path = Assets.xcassets; sourceTree = "<group>"; };
		D85E3E162DE8F0B800F83575 /* Info.plist */ = {isa = PBXFileReference; lastKnownFileType = text.plist.xml; path = Info.plist; sourceTree = "<group>"; };
		D85E3E172DE8F0B800F83575 /* Base */ = {isa = PBXFileReference; lastKnownFileType = file.storyboard; name = Base; path = Base.lproj/LaunchScreen.storyboard; sourceTree = "<group>"; };
		D85E3E1B2DE8F0B800F83575 /* SceneDelegate.swift */ = {isa = PBXFileReference; lastKnownFileType = sourcecode.swift; path = SceneDelegate.swift; sourceTree = "<group>"; };
		D85E3E2B2DE9032600F83575 /* TabBarCoordinator.swift */ = {isa = PBXFileReference; lastKnownFileType = sourcecode.swift; path = TabBarCoordinator.swift; sourceTree = "<group>"; };
		D85E3E2F2DE9093E00F83575 /* Main.storyboard */ = {isa = PBXFileReference; lastKnownFileType = file.storyboard; path = Main.storyboard; sourceTree = "<group>"; };
		D85E3E312DE90AA300F83575 /* RegistrationViewController.swift */ = {isa = PBXFileReference; lastKnownFileType = sourcecode.swift; path = RegistrationViewController.swift; sourceTree = "<group>"; };
		D85E3E332DE90AAF00F83575 /* RegistrationViewController.xib */ = {isa = PBXFileReference; lastKnownFileType = file.xib; path = RegistrationViewController.xib; sourceTree = "<group>"; };
		D85E3E372DE90B8200F83575 /* RegistrationViewModel.swift */ = {isa = PBXFileReference; lastKnownFileType = sourcecode.swift; path = RegistrationViewModel.swift; sourceTree = "<group>"; };
/* End PBXFileReference section */

/* Begin PBXFrameworksBuildPhase section */
		D85E3DA32DE7833E00F83575 /* Frameworks */ = {
			isa = PBXFrameworksBuildPhase;
			buildActionMask = 2147483647;
			files = (
			);
			runOnlyForDeploymentPostprocessing = 0;
		};
/* End PBXFrameworksBuildPhase section */

/* Begin PBXGroup section */
		D85E3D9D2DE7833E00F83575 = {
			isa = PBXGroup;
			children = (
				D85E3E1D2DE8F0B800F83575 /* MPRestaurantReviewApp */,
				D85E3DA72DE7833E00F83575 /* Products */,
			);
			sourceTree = "<group>";
		};
		D85E3DA72DE7833E00F83575 /* Products */ = {
			isa = PBXGroup;
			children = (
				D85E3DA62DE7833E00F83575 /* MPRestaurantReviewApp.app */,
			);
			name = Products;
			sourceTree = "<group>";
		};
		D85E3E0D2DE8F0B800F83575 /* Base Coordinators */ = {
			isa = PBXGroup;
			children = (
				D85E3E0B2DE8F0B800F83575 /* Coordinator.swift */,
				D85E3E0A2DE8F0B800F83575 /* AppCoordinator.swift */,
				D85E3E2B2DE9032600F83575 /* TabBarCoordinator.swift */,
			);
			path = "Base Coordinators";
			sourceTree = "<group>";
		};
		D85E3E112DE8F0B800F83575 /* Login */ = {
			isa = PBXGroup;
			children = (
				D85E3E0C2DE8F0B800F83575 /* LoginCoordinator.swift */,
				D85E3E392DE90EF200F83575 /* Login */,
				D85E3E122DE8F0B800F83575 /* Registration */,
			);
			path = Login;
			sourceTree = "<group>";
		};
		D85E3E122DE8F0B800F83575 /* Registration */ = {
			isa = PBXGroup;
			children = (
				D85E3E312DE90AA300F83575 /* RegistrationViewController.swift */,
				D85E3E332DE90AAF00F83575 /* RegistrationViewController.xib */,
				D85E3E372DE90B8200F83575 /* RegistrationViewModel.swift */,
			);
			path = Registration;
			sourceTree = "<group>";
		};
		D85E3E132DE8F0B800F83575 /* Modules */ = {
			isa = PBXGroup;
			children = (
				D85E3E0D2DE8F0B800F83575 /* Base Coordinators */,
				D85E3E112DE8F0B800F83575 /* Login */,
			);
			path = Modules;
			sourceTree = "<group>";
		};
		D85E3E1D2DE8F0B800F83575 /* MPRestaurantReviewApp */ = {
			isa = PBXGroup;
			children = (
				D85E3E132DE8F0B800F83575 /* Modules */,
				D85E3E142DE8F0B800F83575 /* AppDelegate.swift */,
				D85E3E1B2DE8F0B800F83575 /* SceneDelegate.swift */,
				D85E3E182DE8F0B800F83575 /* LaunchScreen.storyboard */,
				D85E3E2F2DE9093E00F83575 /* Main.storyboard */,
				D85E3E152DE8F0B800F83575 /* Assets.xcassets */,
				D85E3E162DE8F0B800F83575 /* Info.plist */,
			);
			path = MPRestaurantReviewApp;
			sourceTree = "<group>";
		};
		D85E3E392DE90EF200F83575 /* Login */ = {
			isa = PBXGroup;
			children = (
				D85E3E0E2DE8F0B800F83575 /* LoginViewController.swift */,
				D85E3E0F2DE8F0B800F83575 /* LoginViewController.xib */,
				D85E3E102DE8F0B800F83575 /* LoginViewModel.swift */,
			);
			path = Login;
			sourceTree = "<group>";
		};
/* End PBXGroup section */

/* Begin PBXNativeTarget section */
		D85E3DA52DE7833E00F83575 /* MPRestaurantReviewApp */ = {
			isa = PBXNativeTarget;
			buildConfigurationList = D85E3DB92DE7833F00F83575 /* Build configuration list for PBXNativeTarget "MPRestaurantReviewApp" */;
			buildPhases = (
				D85E3DA22DE7833E00F83575 /* Sources */,
				D85E3DA32DE7833E00F83575 /* Frameworks */,
				D85E3DA42DE7833E00F83575 /* Resources */,
			);
			buildRules = (
			);
			dependencies = (
			);
			name = MPRestaurantReviewApp;
			packageProductDependencies = (
			);
			productName = MPRestaurantReviewApp;
			productReference = D85E3DA62DE7833E00F83575 /* MPRestaurantReviewApp.app */;
			productType = "com.apple.product-type.application";
		};
/* End PBXNativeTarget section */

/* Begin PBXProject section */
		D85E3D9E2DE7833E00F83575 /* Project object */ = {
			isa = PBXProject;
			attributes = {
				BuildIndependentTargetsInParallel = 1;
				LastSwiftUpdateCheck = 1630;
				LastUpgradeCheck = 1630;
				TargetAttributes = {
					D85E3DA52DE7833E00F83575 = {
						CreatedOnToolsVersion = 16.3;
					};
				};
			};
			buildConfigurationList = D85E3DA12DE7833E00F83575 /* Build configuration list for PBXProject "MPRestaurantReviewApp" */;
			developmentRegion = en;
			hasScannedForEncodings = 0;
			knownRegions = (
				en,
				Base,
			);
			mainGroup = D85E3D9D2DE7833E00F83575;
			minimizedProjectReferenceProxies = 1;
			preferredProjectObjectVersion = 77;
			productRefGroup = D85E3DA72DE7833E00F83575 /* Products */;
			projectDirPath = "";
			projectRoot = "";
			targets = (
				D85E3DA52DE7833E00F83575 /* MPRestaurantReviewApp */,
			);
		};
/* End PBXProject section */

/* Begin PBXResourcesBuildPhase section */
		D85E3DA42DE7833E00F83575 /* Resources */ = {
			isa = PBXResourcesBuildPhase;
			buildActionMask = 2147483647;
			files = (
				D85E3E342DE90AAF00F83575 /* RegistrationViewController.xib in Resources */,
				D85E3E262DE8F0B800F83575 /* LoginViewController.xib in Resources */,
				D85E3E272DE8F0B800F83575 /* Assets.xcassets in Resources */,
				D85E3E292DE8F0B800F83575 /* LaunchScreen.storyboard in Resources */,
				D85E3E302DE9093E00F83575 /* Main.storyboard in Resources */,
			);
			runOnlyForDeploymentPostprocessing = 0;
		};
/* End PBXResourcesBuildPhase section */

/* Begin PBXSourcesBuildPhase section */
		D85E3DA22DE7833E00F83575 /* Sources */ = {
			isa = PBXSourcesBuildPhase;
			buildActionMask = 2147483647;
			files = (
				D85E3E1E2DE8F0B800F83575 /* AppCoordinator.swift in Sources */,
				D85E3E382DE90B8200F83575 /* RegistrationViewModel.swift in Sources */,
				D85E3E1F2DE8F0B800F83575 /* Coordinator.swift in Sources */,
				D85E3E2C2DE9032600F83575 /* TabBarCoordinator.swift in Sources */,
				D85E3E322DE90AA300F83575 /* RegistrationViewController.swift in Sources */,
				D85E3E202DE8F0B800F83575 /* LoginCoordinator.swift in Sources */,
				D85E3E212DE8F0B800F83575 /* LoginViewController.swift in Sources */,
				D85E3E222DE8F0B800F83575 /* LoginViewModel.swift in Sources */,
				D85E3E232DE8F0B800F83575 /* AppDelegate.swift in Sources */,
				D85E3E242DE8F0B800F83575 /* SceneDelegate.swift in Sources */,
			);
			runOnlyForDeploymentPostprocessing = 0;
		};
/* End PBXSourcesBuildPhase section */

/* Begin PBXVariantGroup section */
		D85E3E182DE8F0B800F83575 /* LaunchScreen.storyboard */ = {
			isa = PBXVariantGroup;
			children = (
				D85E3E172DE8F0B800F83575 /* Base */,
			);
			name = LaunchScreen.storyboard;
			sourceTree = "<group>";
		};
/* End PBXVariantGroup section */

/* Begin XCBuildConfiguration section */
		D85E3DBA2DE7833F00F83575 /* Debug */ = {
			isa = XCBuildConfiguration;
			buildSettings = {
				ASSETCATALOG_COMPILER_APPICON_NAME = AppIcon;
				ASSETCATALOG_COMPILER_GLOBAL_ACCENT_COLOR_NAME = AccentColor;
				CODE_SIGN_STYLE = Automatic;
				CURRENT_PROJECT_VERSION = 1;
				DEVELOPMENT_TEAM = 8884T3J9G3;
				GENERATE_INFOPLIST_FILE = YES;
				INFOPLIST_FILE = MPRestaurantReviewApp/Info.plist;
				INFOPLIST_KEY_UIApplicationSupportsIndirectInputEvents = YES;
				INFOPLIST_KEY_UILaunchStoryboardName = LaunchScreen;
				INFOPLIST_KEY_UIMainStoryboardFile = Main;
				INFOPLIST_KEY_UISupportedInterfaceOrientations_iPad = "UIInterfaceOrientationPortrait UIInterfaceOrientationPortraitUpsideDown UIInterfaceOrientationLandscapeLeft UIInterfaceOrientationLandscapeRight";
				INFOPLIST_KEY_UISupportedInterfaceOrientations_iPhone = "UIInterfaceOrientationPortrait UIInterfaceOrientationLandscapeLeft UIInterfaceOrientationLandscapeRight";
				LD_RUNPATH_SEARCH_PATHS = (
					"$(inherited)",
					"@executable_path/Frameworks",
				);
				MARKETING_VERSION = 1.0;
				PRODUCT_BUNDLE_IDENTIFIER = plamen.MPRestaurantReviewApp;
				PRODUCT_NAME = "$(TARGET_NAME)";
				SWIFT_EMIT_LOC_STRINGS = YES;
				SWIFT_VERSION = 5.0;
				TARGETED_DEVICE_FAMILY = "1,2";
			};
			name = Debug;
		};
		D85E3DBB2DE7833F00F83575 /* Release */ = {
			isa = XCBuildConfiguration;
			buildSettings = {
				ASSETCATALOG_COMPILER_APPICON_NAME = AppIcon;
				ASSETCATALOG_COMPILER_GLOBAL_ACCENT_COLOR_NAME = AccentColor;
				CODE_SIGN_STYLE = Automatic;
				CURRENT_PROJECT_VERSION = 1;
				DEVELOPMENT_TEAM = 8884T3J9G3;
				GENERATE_INFOPLIST_FILE = YES;
				INFOPLIST_FILE = MPRestaurantReviewApp/Info.plist;
				INFOPLIST_KEY_UIApplicationSupportsIndirectInputEvents = YES;
				INFOPLIST_KEY_UILaunchStoryboardName = LaunchScreen;
				INFOPLIST_KEY_UIMainStoryboardFile = Main;
				INFOPLIST_KEY_UISupportedInterfaceOrientations_iPad = "UIInterfaceOrientationPortrait UIInterfaceOrientationPortraitUpsideDown UIInterfaceOrientationLandscapeLeft UIInterfaceOrientationLandscapeRight";
				INFOPLIST_KEY_UISupportedInterfaceOrientations_iPhone = "UIInterfaceOrientationPortrait UIInterfaceOrientationLandscapeLeft UIInterfaceOrientationLandscapeRight";
				LD_RUNPATH_SEARCH_PATHS = (
					"$(inherited)",
					"@executable_path/Frameworks",
				);
				MARKETING_VERSION = 1.0;
				PRODUCT_BUNDLE_IDENTIFIER = plamen.MPRestaurantReviewApp;
				PRODUCT_NAME = "$(TARGET_NAME)";
				SWIFT_EMIT_LOC_STRINGS = YES;
				SWIFT_VERSION = 5.0;
				TARGETED_DEVICE_FAMILY = "1,2";
			};
			name = Release;
		};
		D85E3DBC2DE7833F00F83575 /* Debug */ = {
			isa = XCBuildConfiguration;
			buildSettings = {
				ALWAYS_SEARCH_USER_PATHS = NO;
				ASSETCATALOG_COMPILER_GENERATE_SWIFT_ASSET_SYMBOL_EXTENSIONS = YES;
				CLANG_ANALYZER_NONNULL = YES;
				CLANG_ANALYZER_NUMBER_OBJECT_CONVERSION = YES_AGGRESSIVE;
				CLANG_CXX_LANGUAGE_STANDARD = "gnu++20";
				CLANG_ENABLE_MODULES = YES;
				CLANG_ENABLE_OBJC_ARC = YES;
				CLANG_ENABLE_OBJC_WEAK = YES;
				CLANG_WARN_BLOCK_CAPTURE_AUTORELEASING = YES;
				CLANG_WARN_BOOL_CONVERSION = YES;
				CLANG_WARN_COMMA = YES;
				CLANG_WARN_CONSTANT_CONVERSION = YES;
				CLANG_WARN_DEPRECATED_OBJC_IMPLEMENTATIONS = YES;
				CLANG_WARN_DIRECT_OBJC_ISA_USAGE = YES_ERROR;
				CLANG_WARN_DOCUMENTATION_COMMENTS = YES;
				CLANG_WARN_EMPTY_BODY = YES;
				CLANG_WARN_ENUM_CONVERSION = YES;
				CLANG_WARN_INFINITE_RECURSION = YES;
				CLANG_WARN_INT_CONVERSION = YES;
				CLANG_WARN_NON_LITERAL_NULL_CONVERSION = YES;
				CLANG_WARN_OBJC_IMPLICIT_RETAIN_SELF = YES;
				CLANG_WARN_OBJC_LITERAL_CONVERSION = YES;
				CLANG_WARN_OBJC_ROOT_CLASS = YES_ERROR;
				CLANG_WARN_QUOTED_INCLUDE_IN_FRAMEWORK_HEADER = YES;
				CLANG_WARN_RANGE_LOOP_ANALYSIS = YES;
				CLANG_WARN_STRICT_PROTOTYPES = YES;
				CLANG_WARN_SUSPICIOUS_MOVE = YES;
				CLANG_WARN_UNGUARDED_AVAILABILITY = YES_AGGRESSIVE;
				CLANG_WARN_UNREACHABLE_CODE = YES;
				CLANG_WARN__DUPLICATE_METHOD_MATCH = YES;
				COPY_PHASE_STRIP = NO;
				DEBUG_INFORMATION_FORMAT = dwarf;
				DEVELOPMENT_TEAM = 8884T3J9G3;
				ENABLE_STRICT_OBJC_MSGSEND = YES;
				ENABLE_TESTABILITY = YES;
				ENABLE_USER_SCRIPT_SANDBOXING = YES;
				GCC_C_LANGUAGE_STANDARD = gnu17;
				GCC_DYNAMIC_NO_PIC = NO;
				GCC_NO_COMMON_BLOCKS = YES;
				GCC_OPTIMIZATION_LEVEL = 0;
				GCC_PREPROCESSOR_DEFINITIONS = (
					"DEBUG=1",
					"$(inherited)",
				);
				GCC_WARN_64_TO_32_BIT_CONVERSION = YES;
				GCC_WARN_ABOUT_RETURN_TYPE = YES_ERROR;
				GCC_WARN_UNDECLARED_SELECTOR = YES;
				GCC_WARN_UNINITIALIZED_AUTOS = YES_AGGRESSIVE;
				GCC_WARN_UNUSED_FUNCTION = YES;
				GCC_WARN_UNUSED_VARIABLE = YES;
				IPHONEOS_DEPLOYMENT_TARGET = 18.4;
				LOCALIZATION_PREFERS_STRING_CATALOGS = YES;
				MTL_ENABLE_DEBUG_INFO = INCLUDE_SOURCE;
				MTL_FAST_MATH = YES;
				ONLY_ACTIVE_ARCH = YES;
				SDKROOT = iphoneos;
				SWIFT_ACTIVE_COMPILATION_CONDITIONS = "DEBUG $(inherited)";
				SWIFT_OPTIMIZATION_LEVEL = "-Onone";
			};
			name = Debug;
		};
		D85E3DBD2DE7833F00F83575 /* Release */ = {
			isa = XCBuildConfiguration;
			buildSettings = {
				ALWAYS_SEARCH_USER_PATHS = NO;
				ASSETCATALOG_COMPILER_GENERATE_SWIFT_ASSET_SYMBOL_EXTENSIONS = YES;
				CLANG_ANALYZER_NONNULL = YES;
				CLANG_ANALYZER_NUMBER_OBJECT_CONVERSION = YES_AGGRESSIVE;
				CLANG_CXX_LANGUAGE_STANDARD = "gnu++20";
				CLANG_ENABLE_MODULES = YES;
				CLANG_ENABLE_OBJC_ARC = YES;
				CLANG_ENABLE_OBJC_WEAK = YES;
				CLANG_WARN_BLOCK_CAPTURE_AUTORELEASING = YES;
				CLANG_WARN_BOOL_CONVERSION = YES;
				CLANG_WARN_COMMA = YES;
				CLANG_WARN_CONSTANT_CONVERSION = YES;
				CLANG_WARN_DEPRECATED_OBJC_IMPLEMENTATIONS = YES;
				CLANG_WARN_DIRECT_OBJC_ISA_USAGE = YES_ERROR;
				CLANG_WARN_DOCUMENTATION_COMMENTS = YES;
				CLANG_WARN_EMPTY_BODY = YES;
				CLANG_WARN_ENUM_CONVERSION = YES;
				CLANG_WARN_INFINITE_RECURSION = YES;
				CLANG_WARN_INT_CONVERSION = YES;
				CLANG_WARN_NON_LITERAL_NULL_CONVERSION = YES;
				CLANG_WARN_OBJC_IMPLICIT_RETAIN_SELF = YES;
				CLANG_WARN_OBJC_LITERAL_CONVERSION = YES;
				CLANG_WARN_OBJC_ROOT_CLASS = YES_ERROR;
				CLANG_WARN_QUOTED_INCLUDE_IN_FRAMEWORK_HEADER = YES;
				CLANG_WARN_RANGE_LOOP_ANALYSIS = YES;
				CLANG_WARN_STRICT_PROTOTYPES = YES;
				CLANG_WARN_SUSPICIOUS_MOVE = YES;
				CLANG_WARN_UNGUARDED_AVAILABILITY = YES_AGGRESSIVE;
				CLANG_WARN_UNREACHABLE_CODE = YES;
				CLANG_WARN__DUPLICATE_METHOD_MATCH = YES;
				COPY_PHASE_STRIP = NO;
				DEBUG_INFORMATION_FORMAT = "dwarf-with-dsym";
				DEVELOPMENT_TEAM = 8884T3J9G3;
				ENABLE_NS_ASSERTIONS = NO;
				ENABLE_STRICT_OBJC_MSGSEND = YES;
				ENABLE_USER_SCRIPT_SANDBOXING = YES;
				GCC_C_LANGUAGE_STANDARD = gnu17;
				GCC_NO_COMMON_BLOCKS = YES;
				GCC_WARN_64_TO_32_BIT_CONVERSION = YES;
				GCC_WARN_ABOUT_RETURN_TYPE = YES_ERROR;
				GCC_WARN_UNDECLARED_SELECTOR = YES;
				GCC_WARN_UNINITIALIZED_AUTOS = YES_AGGRESSIVE;
				GCC_WARN_UNUSED_FUNCTION = YES;
				GCC_WARN_UNUSED_VARIABLE = YES;
				IPHONEOS_DEPLOYMENT_TARGET = 18.4;
				LOCALIZATION_PREFERS_STRING_CATALOGS = YES;
				MTL_ENABLE_DEBUG_INFO = NO;
				MTL_FAST_MATH = YES;
				SDKROOT = iphoneos;
				SWIFT_COMPILATION_MODE = wholemodule;
				VALIDATE_PRODUCT = YES;
			};
			name = Release;
		};
/* End XCBuildConfiguration section */

/* Begin XCConfigurationList section */
		D85E3DA12DE7833E00F83575 /* Build configuration list for PBXProject "MPRestaurantReviewApp" */ = {
			isa = XCConfigurationList;
			buildConfigurations = (
				D85E3DBC2DE7833F00F83575 /* Debug */,
				D85E3DBD2DE7833F00F83575 /* Release */,
			);
			defaultConfigurationIsVisible = 0;
			defaultConfigurationName = Release;
		};
		D85E3DB92DE7833F00F83575 /* Build configuration list for PBXNativeTarget "MPRestaurantReviewApp" */ = {
			isa = XCConfigurationList;
			buildConfigurations = (
				D85E3DBA2DE7833F00F83575 /* Debug */,
				D85E3DBB2DE7833F00F83575 /* Release */,
			);
			defaultConfigurationIsVisible = 0;
			defaultConfigurationName = Release;
		};
/* End XCConfigurationList section */
	};
	rootObject = D85E3D9E2DE7833E00F83575 /* Project object */;
}
